
Microsoft Visual Studio Solution File, Format Version 12.00
# Visual Studio Version 17
VisualStudioVersion = 17.12.35707.178 d17.12
MinimumVisualStudioVersion = 10.0.40219.1
Project("{FAE04EC0-301F-11D3-BF4B-00C04F79EFBC}") = "quatroBotoes", "quatroBotoes.csproj", "{A76D93CC-E620-49E3-BDEC-1A78AF6DF4EC}"
EndProject
Global
	GlobalSection(SolutionConfigurationPlatforms) = preSolution
		Debug|Any CPU = Debug|Any CPU
		Release|Any CPU = Release|Any CPU
	EndGlobalSection
	GlobalSection(ProjectConfigurationPlatforms) = postSolution
		{A76D93CC-E620-49E3-BDEC-1A78AF6DF4EC}.Debug|Any CPU.ActiveCfg = Debug|Any CPU
		{A76D93CC-E620-49E3-BDEC-1A78AF6DF4EC}.Debug|Any CPU.Build.0 = Debug|Any CPU
		{A76D93CC-E620-49E3-BDEC-1A78AF6DF4EC}.Release|Any CPU.ActiveCfg = Release|Any CPU
		{A76D93CC-E620-49E3-BDEC-1A78AF6DF4EC}.Release|Any CPU.Build.0 = Release|Any CPU
	EndGlobalSection
	GlobalSection(SolutionProperties) = preSolution
		HideSolutionNode = FALSE
	EndGlobalSection
EndGlobal
