
Microsoft Visual Studio Solution File, Format Version 12.00
# Visual Studio Version 17
VisualStudioVersion = 17.11.35327.3
MinimumVisualStudioVersion = 10.0.40219.1
Project("{FAE04EC0-301F-11D3-BF4B-00C04F79EFBC}") = "Temperatura_ArduinoCSharp", "Temperatura_ArduinoCSharp.csproj", "{3FA43BC9-5BFB-485D-9A17-78592AD139CC}"
EndProject
Global
	GlobalSection(SolutionConfigurationPlatforms) = preSolution
		Debug|Any CPU = Debug|Any CPU
		Release|Any CPU = Release|Any CPU
	EndGlobalSection
	GlobalSection(ProjectConfigurationPlatforms) = postSolution
		{3FA43BC9-5BFB-485D-9A17-78592AD139CC}.Debug|Any CPU.ActiveCfg = Debug|Any CPU
		{3FA43BC9-5BFB-485D-9A17-78592AD139CC}.Debug|Any CPU.Build.0 = Debug|Any CPU
		{3FA43BC9-5BFB-485D-9A17-78592AD139CC}.Release|Any CPU.ActiveCfg = Release|Any CPU
		{3FA43BC9-5BFB-485D-9A17-78592AD139CC}.Release|Any CPU.Build.0 = Release|Any CPU
	EndGlobalSection
	GlobalSection(SolutionProperties) = preSolution
		HideSolutionNode = FALSE
	EndGlobalSection
	GlobalSection(ExtensibilityGlobals) = postSolution
		SolutionGuid = {C7EDEB35-B12E-4687-8F71-14B370971F7F}
	EndGlobalSection
EndGlobal
